{
  "name": "sebastianflorica.github.io",
  "version": "1.0.0",
  "lockfileVersion": 1,
  "requires": true,
  "dependencies": {
    "@mapbox/geojson-area": {
      "version": "0.2.2",
      "resolved": "https://registry.npmjs.org/@mapbox/geojson-area/-/geojson-area-0.2.2.tgz",
      "integrity": "sha1-GNeBSqNr8j+7zDefjiaiKSfevxA=",
      "requires": {
        "wgs84": "0.0.0"
      }
    },
    "@mapbox/geojson-rewind": {
      "version": "0.4.0",
      "resolved": "https://registry.npmjs.org/@mapbox/geojson-rewind/-/geojson-rewind-0.4.0.tgz",
      "integrity": "sha512-b+1uPWBERW4Pet/969BNu61ZPDyH2ilIxBjJDFzxyS9TyszF9UrTQyYIl/G38clux3rtpAGGFSGTCSF/qR6UjA==",
      "requires": {
        "@mapbox/geojson-area": "0.2.2",
        "concat-stream": "~1.6.0",
        "minimist": "1.2.0",
        "sharkdown": "^0.1.0"
      },
      "dependencies": {
        "minimist": {
          "version": "1.2.0",
          "resolved": "https://registry.npmjs.org/minimist/-/minimist-1.2.0.tgz",
          "integrity": "sha1-o1AIsg9BOD7sH7kU9M1d95omQoQ="
        }
      }
    },
    "@mapbox/geojson-types": {
      "version": "1.0.2",
      "resolved": "https://registry.npmjs.org/@mapbox/geojson-types/-/geojson-types-1.0.2.tgz",
      "integrity": "sha512-e9EBqHHv3EORHrSfbR9DqecPNn+AmuAoQxV6aL8Xu30bJMJR1o8PZLZzpk1Wq7/NfCbuhmakHTPYRhoqLsXRnw=="
    },
    "@mapbox/jsonlint-lines-primitives": {
      "version": "2.0.2",
      "resolved": "https://registry.npmjs.org/@mapbox/jsonlint-lines-primitives/-/jsonlint-lines-primitives-2.0.2.tgz",
      "integrity": "sha1-zlblOfg1UrWNENZy6k1vya3HsjQ="
    },
    "@mapbox/mapbox-gl-supported": {
      "version": "1.4.1",
      "resolved": "https://registry.npmjs.org/@mapbox/mapbox-gl-supported/-/mapbox-gl-supported-1.4.1.tgz",
      "integrity": "sha512-yyKza9S6z3ELKuf6w5n6VNUB0Osu6Z93RXPfMHLIlNWohu3KqxewLOq4lMXseYJ92GwkRAxd207Pr/Z98cwmvw=="
    },
    "@mapbox/point-geometry": {
      "version": "0.1.0",
      "resolved": "https://registry.npmjs.org/@mapbox/point-geometry/-/point-geometry-0.1.0.tgz",
      "integrity": "sha1-ioP5M1x4YO/6Lu7KJUMyqgru2PI="
    },
    "@mapbox/tiny-sdf": {
      "version": "1.1.1",
      "resolved": "https://registry.npmjs.org/@mapbox/tiny-sdf/-/tiny-sdf-1.1.1.tgz",
      "integrity": "sha512-Ihn1nZcGIswJ5XGbgFAvVumOgWpvIjBX9jiRlIl46uQG9vJOF51ViBYHF95rEZupuyQbEmhLaDPLQlU7fUTsBg=="
    },
    "@mapbox/unitbezier": {
      "version": "0.0.0",
      "resolved": "https://registry.npmjs.org/@mapbox/unitbezier/-/unitbezier-0.0.0.tgz",
      "integrity": "sha1-FWUb1VOme4WB+zmIEMmK2Go0Uk4="
    },
    "@mapbox/vector-tile": {
      "version": "1.3.1",
      "resolved": "https://registry.npmjs.org/@mapbox/vector-tile/-/vector-tile-1.3.1.tgz",
      "integrity": "sha512-MCEddb8u44/xfQ3oD+Srl/tNcQoqTw3goGk2oLsrFxOTc3dUp+kAnby3PvAeeBYSMSjSPD1nd1AJA6W49WnoUw==",
      "requires": {
        "@mapbox/point-geometry": "~0.1.0"
      }
    },
    "@mapbox/whoots-js": {
      "version": "3.1.0",
      "resolved": "https://registry.npmjs.org/@mapbox/whoots-js/-/whoots-js-3.1.0.tgz",
      "integrity": "sha512-Es6WcD0nO5l+2BOQS4uLfNPYQaNDfbot3X1XUoloz+x0mPDS3eeORZJl06HXjwBG1fOGwCRnzK88LMdxKRrd6Q=="
    },
    "@types/async": {
      "version": "2.4.2",
      "resolved": "https://registry.npmjs.org/@types/async/-/async-2.4.2.tgz",
      "integrity": "sha512-bWBbC7VG2jdjbgZMX0qpds8U/3h3anfIqE81L8jmVrgFZw/urEDnBA78ymGGKTTK6ciBXmmJ/xlok+Re41S8ww=="
    },
    "@types/csv-stringify": {
      "version": "1.4.3",
      "resolved": "https://registry.npmjs.org/@types/csv-stringify/-/csv-stringify-1.4.3.tgz",
      "integrity": "sha512-vfbvOBhuTjDYQjdG8dCxLjOsyQMjCE0oN0bIUkJtiolqkCe1WTCjh36w4hEhtkdLHUgsB4aN4r6SFD8iLJgiGQ==",
      "requires": {
        "@types/node": "*"
      }
    },
    "@types/extend": {
      "version": "3.0.1",
      "resolved": "https://registry.npmjs.org/@types/extend/-/extend-3.0.1.tgz",
      "integrity": "sha512-R1g/VyKFFI2HLC1QGAeTtCBWCo6n75l41OnsVYNbmKG+kempOESaodf6BeJyUM3Q0rKa/NQcTHbB2+66lNnxLw=="
    },
    "@types/file-type": {
      "version": "5.2.2",
      "resolved": "https://registry.npmjs.org/@types/file-type/-/file-type-5.2.2.tgz",
      "integrity": "sha512-GWtM4fyqfb+bec4ocpo51/y4x0b83Je+iA6eV131LT9wL0//G+1UgwbkMg7w61ceOwR+KkZXK00z44jrrNljWg==",
      "requires": {
        "@types/node": "*"
      }
    },
    "@types/isstream": {
      "version": "0.1.0",
      "resolved": "https://registry.npmjs.org/@types/isstream/-/isstream-0.1.0.tgz",
      "integrity": "sha512-jo6R5XtVMgu1ej3H4o9NXiUE/4ZxyxmDrGslGiBa4/ugJr+Olw2viio/F2Vlc+zrwC9HJzuApOCCVC2g5jqV0w=="
    },
    "@types/node": {
      "version": "11.15.2",
      "resolved": "https://registry.npmjs.org/@types/node/-/node-11.15.2.tgz",
      "integrity": "sha512-BqCU9uIFkUH9Sgo2uLYbmIiFB1T+VBiM8AI/El3LIAI5KzwtckeSG+3WOYZr9aMoX4UIvRFBWBeSaOu6hFue2Q=="
    },
    "ansicolors": {
      "version": "0.2.1",
      "resolved": "https://registry.npmjs.org/ansicolors/-/ansicolors-0.2.1.tgz",
      "integrity": "sha1-vgiVmQl7dKXJxKhKDNvNtivYeu8="
    },
    "async": {
      "version": "2.6.3",
      "resolved": "https://registry.npmjs.org/async/-/async-2.6.3.tgz",
      "integrity": "sha512-zflvls11DCy+dQWzTW2dzuilv8Z5X/pjfmZOWba6TNIVDm+2UDaJmXSOXlasHKfNBs8oo3M0aT50fDEWfKZjXg==",
      "requires": {
        "lodash": "^4.17.14"
      }
    },
    "asynckit": {
      "version": "0.4.0",
      "resolved": "https://registry.npmjs.org/asynckit/-/asynckit-0.4.0.tgz",
      "integrity": "sha1-x57Zf380y48robyXkLzDZkdLS3k="
    },
    "axios": {
      "version": "0.18.1",
      "resolved": "https://registry.npmjs.org/axios/-/axios-0.18.1.tgz",
      "integrity": "sha512-0BfJq4NSfQXd+SkFdrvFbG7addhYSBA2mQwISr46pD6E5iqkWg02RAs8vyTT/j0RTnoYmeXauBuSv1qKwR179g==",
      "requires": {
        "follow-redirects": "1.5.10",
        "is-buffer": "^2.0.2"
      }
    },
    "buffer-equal-constant-time": {
      "version": "1.0.1",
      "resolved": "https://registry.npmjs.org/buffer-equal-constant-time/-/buffer-equal-constant-time-1.0.1.tgz",
      "integrity": "sha1-+OcRMvf/5uAaXJaXpMbz5I1cyBk="
    },
    "buffer-from": {
      "version": "1.1.1",
      "resolved": "https://registry.npmjs.org/buffer-from/-/buffer-from-1.1.1.tgz",
      "integrity": "sha512-MQcXEUbCKtEo7bhqEs6560Hyd4XaovZlO/k9V3hjVUF/zwW7KBVdSK4gIt/bzwS9MbR5qob+F5jusZsb0YQK2A=="
    },
    "camelcase": {
      "version": "5.3.1",
      "resolved": "https://registry.npmjs.org/camelcase/-/camelcase-5.3.1.tgz",
      "integrity": "sha512-L28STB170nwWS63UjtlEOE3dldQApaJXZkOI1uMFfzf3rRuPegHaHesyee+YxQ+W6SvRDQV6UrdOdRiR153wJg=="
    },
    "cardinal": {
      "version": "0.4.4",
      "resolved": "https://registry.npmjs.org/cardinal/-/cardinal-0.4.4.tgz",
      "integrity": "sha1-ylu2iltRG5D+k7ms6km97lwyv+I=",
      "requires": {
        "ansicolors": "~0.2.1",
        "redeyed": "~0.4.0"
      }
    },
    "combined-stream": {
      "version": "1.0.8",
      "resolved": "https://registry.npmjs.org/combined-stream/-/combined-stream-1.0.8.tgz",
      "integrity": "sha512-FQN4MRfuJeHf7cBbBMJFXhKSDq+2kAArBlmRBvcvFE5BB1HZKXtSFASDhdlz9zOYwxh8lDdnvmMOe/+5cdoEdg==",
      "requires": {
        "delayed-stream": "~1.0.0"
      }
    },
    "concat-stream": {
      "version": "1.6.2",
      "resolved": "https://registry.npmjs.org/concat-stream/-/concat-stream-1.6.2.tgz",
      "integrity": "sha512-27HBghJxjiZtIk3Ycvn/4kbJk/1uZuJFfuPEns6LaEvpvG1f0hTea8lilrouyo9mVc2GWdcEZ8OLoGmSADlrCw==",
      "requires": {
        "buffer-from": "^1.0.0",
        "inherits": "^2.0.3",
        "readable-stream": "^2.2.2",
        "typedarray": "^0.0.6"
      }
    },
    "core-util-is": {
      "version": "1.0.2",
      "resolved": "https://registry.npmjs.org/core-util-is/-/core-util-is-1.0.2.tgz",
      "integrity": "sha1-tf1UIgqivFq1eqtxQMlAdUUDwac="
    },
    "cors": {
      "version": "2.8.5",
      "resolved": "https://registry.npmjs.org/cors/-/cors-2.8.5.tgz",
      "integrity": "sha512-KIHbLJqu73RGr/hnbrO9uBeixNGuvSQjul/jdFvS/KFSIH1hWVd1ng7zOHx+YrEfInLG7q4n6GHQ9cDtxv/P6g==",
      "requires": {
        "object-assign": "^4",
        "vary": "^1"
      }
    },
    "csscolorparser": {
      "version": "1.0.3",
      "resolved": "https://registry.npmjs.org/csscolorparser/-/csscolorparser-1.0.3.tgz",
      "integrity": "sha1-s085HupNqPPpgjHizNjfnAQfFxs="
    },
    "debug": {
      "version": "3.1.0",
      "resolved": "https://registry.npmjs.org/debug/-/debug-3.1.0.tgz",
      "integrity": "sha512-OX8XqP7/1a9cqkxYw2yXss15f26NKWBpDXQd0/uK/KPqdQhxbPa994hnzjcE2VqQpDslf55723cKPUOGSmMY3g==",
      "requires": {
        "ms": "2.0.0"
      }
    },
    "delayed-stream": {
      "version": "1.0.0",
      "resolved": "https://registry.npmjs.org/delayed-stream/-/delayed-stream-1.0.0.tgz",
      "integrity": "sha1-3zrhmayt+31ECqrgsp4icrJOxhk="
    },
    "dotenv": {
      "version": "6.2.0",
      "resolved": "https://registry.npmjs.org/dotenv/-/dotenv-6.2.0.tgz",
      "integrity": "sha512-HygQCKUBSFl8wKQZBSemMywRWcEDNidvNbjGVyZu3nbZ8qq9ubiPoGLMdRDpfSrpkkm9BXYFkpKxxFX38o/76w=="
    },
    "earcut": {
      "version": "2.2.1",
      "resolved": "https://registry.npmjs.org/earcut/-/earcut-2.2.1.tgz",
      "integrity": "sha512-5jIMi2RB3HtGPHcYd9Yyl0cczo84y+48lgKPxMijliNQaKAHEZJbdzLmKmdxG/mCdS/YD9DQ1gihL8mxzR0F9w=="
    },
    "ecdsa-sig-formatter": {
      "version": "1.0.11",
      "resolved": "https://registry.npmjs.org/ecdsa-sig-formatter/-/ecdsa-sig-formatter-1.0.11.tgz",
      "integrity": "sha512-nagl3RYrbNv6kQkeJIpt6NJZy8twLB/2vtz6yN9Z4vRKHN4/QZJIEbqohALSgwKdnksuY3k5Addp5lg8sVoVcQ==",
      "requires": {
        "safe-buffer": "^5.0.1"
      }
    },
    "esprima": {
      "version": "1.0.4",
      "resolved": "https://registry.npmjs.org/esprima/-/esprima-1.0.4.tgz",
      "integrity": "sha1-n1V+CPw7TSbs6d00+Pv0drYlha0="
    },
    "extend": {
      "version": "3.0.2",
      "resolved": "https://registry.npmjs.org/extend/-/extend-3.0.2.tgz",
      "integrity": "sha512-fjquC59cD7CyW6urNXK0FBufkZcoiGG80wTuPujX590cB5Ttln20E2UB4S/WARVqhXffZl2LNgS+gQdPIIim/g=="
    },
    "file-type": {
      "version": "7.7.1",
      "resolved": "https://registry.npmjs.org/file-type/-/file-type-7.7.1.tgz",
      "integrity": "sha512-bTrKkzzZI6wH+NXhyD3SOXtb2zXTw2SbwI2RxUlRcXVsnN7jNL5hJzVQLYv7FOQhxFkK4XWdAflEaWFpaLLWpQ=="
    },
    "follow-redirects": {
      "version": "1.5.10",
      "resolved": "https://registry.npmjs.org/follow-redirects/-/follow-redirects-1.5.10.tgz",
      "integrity": "sha512-0V5l4Cizzvqt5D44aTXbFZz+FtyXV1vrDN6qrelxtfYQKW0KO0W2T/hkE8xvGa/540LkZlkaUjO4ailYTFtHVQ==",
      "requires": {
        "debug": "=3.1.0"
      }
    },
    "form-data": {
      "version": "2.5.1",
      "resolved": "https://registry.npmjs.org/form-data/-/form-data-2.5.1.tgz",
      "integrity": "sha512-m21N3WOmEEURgk6B9GLOE4RuWOFf28Lhh9qGYeNlGq4VDXUlJy2th2slBNU8Gp8EzloYZOibZJ7t5ecIrFSjVA==",
      "requires": {
        "asynckit": "^0.4.0",
        "combined-stream": "^1.0.6",
        "mime-types": "^2.1.12"
      }
    },
    "geojson-vt": {
      "version": "3.2.1",
      "resolved": "https://registry.npmjs.org/geojson-vt/-/geojson-vt-3.2.1.tgz",
      "integrity": "sha512-EvGQQi/zPrDA6zr6BnJD/YhwAkBP8nnJ9emh3EnHQKVMfg/MRVtPbMYdgVy/IaEmn4UfagD2a6fafPDL5hbtwg=="
    },
    "gl-matrix": {
      "version": "3.1.0",
      "resolved": "https://registry.npmjs.org/gl-matrix/-/gl-matrix-3.1.0.tgz",
      "integrity": "sha512-526NA+3EA+ztAQi0IZpSWiM0fyQXIp7IbRvfJ4wS/TjjQD0uv0fVybXwwqqSOlq33UckivI0yMDlVtboWm3k7A=="
    },
    "grid-index": {
      "version": "1.1.0",
      "resolved": "https://registry.npmjs.org/grid-index/-/grid-index-1.1.0.tgz",
      "integrity": "sha512-HZRwumpOGUrHyxO5bqKZL0B0GlUpwtCAzZ42sgxUPniu33R1LSFH5yrIcBCHjkctCAh3mtWKcKd9J4vDDdeVHA=="
    },
    "ibm-cloud-sdk-core": {
      "version": "1.3.0",
      "resolved": "https://registry.npmjs.org/ibm-cloud-sdk-core/-/ibm-cloud-sdk-core-1.3.0.tgz",
      "integrity": "sha512-OhymKbjsST64/JRlLErRFDuJ5zvkOUkexjHTm5ux3lCMIlo1aq6bg0HOJMHoI0aKsKmSjDwQ+S0D+nJs7QfiyQ==",
      "requires": {
        "@types/extend": "~3.0.0",
        "@types/file-type": "~5.2.1",
        "@types/isstream": "^0.1.0",
        "@types/node": "~10.14.19",
        "axios": "^0.18.0",
        "camelcase": "^5.3.1",
        "debug": "^4.1.1",
        "dotenv": "^6.2.0",
        "extend": "~3.0.2",
        "file-type": "^7.7.1",
        "form-data": "^2.3.3",
        "isstream": "~0.1.2",
        "jsonwebtoken": "^8.5.1",
        "lodash.isempty": "^4.4.0",
        "mime-types": "~2.1.18",
        "object.omit": "~3.0.0",
        "object.pick": "~1.3.0",
        "semver": "^6.2.0",
        "vcap_services": "~0.3.4"
      },
      "dependencies": {
        "@types/node": {
          "version": "10.14.22",
          "resolved": "https://registry.npmjs.org/@types/node/-/node-10.14.22.tgz",
          "integrity": "sha512-9taxKC944BqoTVjE+UT3pQH0nHZlTvITwfsOZqyc+R3sfJuxaTtxWjfn1K2UlxyPcKHf0rnaXcVFrS9F9vf0bw=="
        },
        "debug": {
          "version": "4.1.1",
          "resolved": "https://registry.npmjs.org/debug/-/debug-4.1.1.tgz",
          "integrity": "sha512-pYAIzeRo8J6KPEaJ0VWOh5Pzkbw/RetuzehGM7QRRX5he4fPHx2rdKMB256ehJCkX+XRQm16eZLqLNS8RSZXZw==",
          "requires": {
            "ms": "^2.1.1"
          }
        },
        "ms": {
          "version": "2.1.2",
          "resolved": "https://registry.npmjs.org/ms/-/ms-2.1.2.tgz",
          "integrity": "sha512-sGkPx+VjMtmA6MX27oA4FBFELFCZZ4S4XqeGOXCv68tT+jb3vk/RyaKWP0PTKyWtmLSM0b+adUTEvbs1PEaH2w=="
        }
      }
    },
    "ibm-watson": {
      "version": "5.1.0",
      "resolved": "https://registry.npmjs.org/ibm-watson/-/ibm-watson-5.1.0.tgz",
      "integrity": "sha512-MzOfuRi9gplqZkXANiFseAJtGjXCJiR7357ywOTbgcAnAf7twPLyYWVS65D13WutfYaW0FuUXqc6MYEWG37P3A==",
      "requires": {
        "@types/async": "^2.4.2",
        "@types/csv-stringify": "^1.4.3",
        "@types/extend": "^3.0.1",
        "@types/isstream": "^0.1.0",
        "@types/node": "^11.9.4",
        "async": "^2.6.2",
        "axios": "^0.18.0",
        "camelcase": "^5.3.1",
        "extend": "~3.0.2",
        "ibm-cloud-sdk-core": "^1.0.0",
        "isstream": "~0.1.2",
        "websocket": "^1.0.28"
      }
    },
    "ieee754": {
      "version": "1.1.13",
      "resolved": "https://registry.npmjs.org/ieee754/-/ieee754-1.1.13.tgz",
      "integrity": "sha512-4vf7I2LYV/HaWerSo3XmlMkp5eZ83i+/CDluXi/IGTs/O1sejBNhTtnxzmRZfvOUqj7lZjqHkeTvpgSFDlWZTg=="
    },
    "inherits": {
      "version": "2.0.4",
      "resolved": "https://registry.npmjs.org/inherits/-/inherits-2.0.4.tgz",
      "integrity": "sha512-k/vGaX4/Yla3WzyMCvTQOXYeIHvqOKtnqBduzTHpzpQZzAskKMhZ2K+EnBiSM9zGSoIFeMpXKxa4dYeZIQqewQ=="
    },
    "is-buffer": {
      "version": "2.0.4",
      "resolved": "https://registry.npmjs.org/is-buffer/-/is-buffer-2.0.4.tgz",
      "integrity": "sha512-Kq1rokWXOPXWuaMAqZiJW4XxsmD9zGx9q4aePabbn3qCRGedtH7Cm+zV8WETitMfu1wdh+Rvd6w5egwSngUX2A=="
    },
    "is-extendable": {
      "version": "1.0.1",
      "resolved": "https://registry.npmjs.org/is-extendable/-/is-extendable-1.0.1.tgz",
      "integrity": "sha512-arnXMxT1hhoKo9k1LZdmlNyJdDDfy2v0fXjFlmok4+i8ul/6WlbVge9bhM74OpNPQPMGUToDtz+KXa1PneJxOA==",
      "requires": {
        "is-plain-object": "^2.0.4"
      }
    },
    "is-plain-object": {
      "version": "2.0.4",
      "resolved": "https://registry.npmjs.org/is-plain-object/-/is-plain-object-2.0.4.tgz",
      "integrity": "sha512-h5PpgXkWitc38BBMYawTYMWJHFZJVnBquFE57xFpjB8pJFiF6gZ+bU+WyI/yqXiFR5mdLsgYNaPe8uao6Uv9Og==",
      "requires": {
        "isobject": "^3.0.1"
      }
    },
    "is-typedarray": {
      "version": "1.0.0",
      "resolved": "https://registry.npmjs.org/is-typedarray/-/is-typedarray-1.0.0.tgz",
      "integrity": "sha1-5HnICFjfDBsR3dppQPlgEfzaSpo="
    },
    "isarray": {
      "version": "1.0.0",
      "resolved": "https://registry.npmjs.org/isarray/-/isarray-1.0.0.tgz",
      "integrity": "sha1-u5NdSFgsuhaMBoNJV6VKPgcSTxE="
    },
    "isobject": {
      "version": "3.0.1",
      "resolved": "https://registry.npmjs.org/isobject/-/isobject-3.0.1.tgz",
      "integrity": "sha1-TkMekrEalzFjaqH5yNHMvP2reN8="
    },
    "isstream": {
      "version": "0.1.2",
      "resolved": "https://registry.npmjs.org/isstream/-/isstream-0.1.2.tgz",
      "integrity": "sha1-R+Y/evVa+m+S4VAOaQ64uFKcCZo="
    },
    "jsonwebtoken": {
      "version": "8.5.1",
      "resolved": "https://registry.npmjs.org/jsonwebtoken/-/jsonwebtoken-8.5.1.tgz",
      "integrity": "sha512-XjwVfRS6jTMsqYs0EsuJ4LGxXV14zQybNd4L2r0UvbVnSF9Af8x7p5MzbJ90Ioz/9TI41/hTCvznF/loiSzn8w==",
      "requires": {
        "jws": "^3.2.2",
        "lodash.includes": "^4.3.0",
        "lodash.isboolean": "^3.0.3",
        "lodash.isinteger": "^4.0.4",
        "lodash.isnumber": "^3.0.3",
        "lodash.isplainobject": "^4.0.6",
        "lodash.isstring": "^4.0.1",
        "lodash.once": "^4.0.0",
        "ms": "^2.1.1",
        "semver": "^5.6.0"
      },
      "dependencies": {
        "ms": {
          "version": "2.1.2",
          "resolved": "https://registry.npmjs.org/ms/-/ms-2.1.2.tgz",
          "integrity": "sha512-sGkPx+VjMtmA6MX27oA4FBFELFCZZ4S4XqeGOXCv68tT+jb3vk/RyaKWP0PTKyWtmLSM0b+adUTEvbs1PEaH2w=="
        },
        "semver": {
          "version": "5.7.1",
          "resolved": "https://registry.npmjs.org/semver/-/semver-5.7.1.tgz",
          "integrity": "sha512-sauaDf/PZdVgrLTNYHRtpXa1iRiKcaebiKQ1BJdpQlWH2lCvexQdX55snPFyK7QzpudqbCI0qXFfOasHdyNDGQ=="
        }
      }
    },
    "jwa": {
      "version": "1.4.1",
      "resolved": "https://registry.npmjs.org/jwa/-/jwa-1.4.1.tgz",
      "integrity": "sha512-qiLX/xhEEFKUAJ6FiBMbes3w9ATzyk5W7Hvzpa/SLYdxNtng+gcurvrI7TbACjIXlsJyr05/S1oUhZrc63evQA==",
      "requires": {
        "buffer-equal-constant-time": "1.0.1",
        "ecdsa-sig-formatter": "1.0.11",
        "safe-buffer": "^5.0.1"
      }
    },
    "jws": {
      "version": "3.2.2",
      "resolved": "https://registry.npmjs.org/jws/-/jws-3.2.2.tgz",
      "integrity": "sha512-YHlZCB6lMTllWDtSPHz/ZXTsi8S00usEV6v1tjq8tOUZzw7DpSDWVXjXDre6ed1w/pd495ODpHZYSdkRTsa0HA==",
      "requires": {
        "jwa": "^1.4.1",
        "safe-buffer": "^5.0.1"
      }
    },
    "kdbush": {
      "version": "3.0.0",
      "resolved": "https://registry.npmjs.org/kdbush/-/kdbush-3.0.0.tgz",
      "integrity": "sha512-hRkd6/XW4HTsA9vjVpY9tuXJYLSlelnkTmVFu4M9/7MIYQtFcHpbugAU7UbOfjOiVSVYl2fqgBuJ32JUmRo5Ew=="
    },
    "lodash": {
      "version": "4.17.15",
      "resolved": "https://registry.npmjs.org/lodash/-/lodash-4.17.15.tgz",
      "integrity": "sha512-8xOcRHvCjnocdS5cpwXQXVzmmh5e5+saE2QGoeQmbKmRS6J3VQppPOIt0MnmE+4xlZoumy0GPG0D0MVIQbNA1A=="
    },
    "lodash.includes": {
      "version": "4.3.0",
      "resolved": "https://registry.npmjs.org/lodash.includes/-/lodash.includes-4.3.0.tgz",
      "integrity": "sha1-YLuYqHy5I8aMoeUTJUgzFISfVT8="
    },
    "lodash.isboolean": {
      "version": "3.0.3",
      "resolved": "https://registry.npmjs.org/lodash.isboolean/-/lodash.isboolean-3.0.3.tgz",
      "integrity": "sha1-bC4XHbKiV82WgC/UOwGyDV9YcPY="
    },
    "lodash.isempty": {
      "version": "4.4.0",
      "resolved": "https://registry.npmjs.org/lodash.isempty/-/lodash.isempty-4.4.0.tgz",
      "integrity": "sha1-b4bL7di+TsmHvpqvM8loTbGzHn4="
    },
    "lodash.isinteger": {
      "version": "4.0.4",
      "resolved": "https://registry.npmjs.org/lodash.isinteger/-/lodash.isinteger-4.0.4.tgz",
      "integrity": "sha1-YZwK89A/iwTDH1iChAt3sRzWg0M="
    },
    "lodash.isnumber": {
      "version": "3.0.3",
      "resolved": "https://registry.npmjs.org/lodash.isnumber/-/lodash.isnumber-3.0.3.tgz",
      "integrity": "sha1-POdoEMWSjQM1IwGsKHMX8RwLH/w="
    },
    "lodash.isplainobject": {
      "version": "4.0.6",
      "resolved": "https://registry.npmjs.org/lodash.isplainobject/-/lodash.isplainobject-4.0.6.tgz",
      "integrity": "sha1-fFJqUtibRcRcxpC4gWO+BJf1UMs="
    },
    "lodash.isstring": {
      "version": "4.0.1",
      "resolved": "https://registry.npmjs.org/lodash.isstring/-/lodash.isstring-4.0.1.tgz",
      "integrity": "sha1-1SfftUVuynzJu5XV2ur4i6VKVFE="
    },
    "lodash.once": {
      "version": "4.1.1",
      "resolved": "https://registry.npmjs.org/lodash.once/-/lodash.once-4.1.1.tgz",
      "integrity": "sha1-DdOXEhPHxW34gJd9UEyI+0cal6w="
    },
    "mapbox-gl": {
      "version": "1.5.0",
      "resolved": "https://registry.npmjs.org/mapbox-gl/-/mapbox-gl-1.5.0.tgz",
      "integrity": "sha512-seTQUttE7XaL93on+zfLv06HmROsIdTh3riEPrBdbylSirLmBRnofG+iV873ZbJQElf+d2USyHpWAJm37RehEQ==",
      "requires": {
        "@mapbox/geojson-rewind": "^0.4.0",
        "@mapbox/geojson-types": "^1.0.2",
        "@mapbox/jsonlint-lines-primitives": "^2.0.2",
        "@mapbox/mapbox-gl-supported": "^1.4.0",
        "@mapbox/point-geometry": "^0.1.0",
        "@mapbox/tiny-sdf": "^1.1.0",
        "@mapbox/unitbezier": "^0.0.0",
        "@mapbox/vector-tile": "^1.3.1",
        "@mapbox/whoots-js": "^3.1.0",
        "csscolorparser": "~1.0.2",
        "earcut": "^2.2.0",
        "geojson-vt": "^3.2.1",
        "gl-matrix": "^3.0.0",
        "grid-index": "^1.1.0",
        "minimist": "0.0.8",
        "murmurhash-js": "^1.0.0",
        "pbf": "^3.2.1",
        "potpack": "^1.0.1",
        "quickselect": "^2.0.0",
        "rw": "^1.3.3",
        "supercluster": "^6.0.1",
        "tinyqueue": "^2.0.0",
        "vt-pbf": "^3.1.1"
      }
    },
    "mime-db": {
      "version": "1.42.0",
      "resolved": "https://registry.npmjs.org/mime-db/-/mime-db-1.42.0.tgz",
      "integrity": "sha512-UbfJCR4UAVRNgMpfImz05smAXK7+c+ZntjaA26ANtkXLlOe947Aag5zdIcKQULAiF9Cq4WxBi9jUs5zkA84bYQ=="
    },
    "mime-types": {
      "version": "2.1.25",
      "resolved": "https://registry.npmjs.org/mime-types/-/mime-types-2.1.25.tgz",
      "integrity": "sha512-5KhStqB5xpTAeGqKBAMgwaYMnQik7teQN4IAzC7npDv6kzeU6prfkR67bc87J1kWMPGkoaZSq1npmexMgkmEVg==",
      "requires": {
        "mime-db": "1.42.0"
      }
    },
    "minimist": {
      "version": "0.0.8",
      "resolved": "https://registry.npmjs.org/minimist/-/minimist-0.0.8.tgz",
      "integrity": "sha1-hX/Kv8M5fSYluCKCYuhqp6ARsF0="
    },
    "ms": {
      "version": "2.0.0",
      "resolved": "https://registry.npmjs.org/ms/-/ms-2.0.0.tgz",
      "integrity": "sha1-VgiurfwAvmwpAd9fmGF4jeDVl8g="
    },
    "murmurhash-js": {
      "version": "1.0.0",
      "resolved": "https://registry.npmjs.org/murmurhash-js/-/murmurhash-js-1.0.0.tgz",
      "integrity": "sha1-sGJ44h/Gw3+lMTcysEEry2rhX1E="
    },
    "nan": {
      "version": "2.14.0",
      "resolved": "https://registry.npmjs.org/nan/-/nan-2.14.0.tgz",
      "integrity": "sha512-INOFj37C7k3AfaNTtX8RhsTw7qRy7eLET14cROi9+5HAVbbHuIWUHEauBv5qT4Av2tWasiTY1Jw6puUNqRJXQg=="
    },
    "object-assign": {
      "version": "4.1.1",
      "resolved": "https://registry.npmjs.org/object-assign/-/object-assign-4.1.1.tgz",
      "integrity": "sha1-IQmtx5ZYh8/AXLvUQsrIv7s2CGM="
    },
    "object.omit": {
      "version": "3.0.0",
      "resolved": "https://registry.npmjs.org/object.omit/-/object.omit-3.0.0.tgz",
      "integrity": "sha512-EO+BCv6LJfu+gBIF3ggLicFebFLN5zqzz/WWJlMFfkMyGth+oBkhxzDl0wx2W4GkLzuQs/FsSkXZb2IMWQqmBQ==",
      "requires": {
        "is-extendable": "^1.0.0"
      }
    },
    "object.pick": {
      "version": "1.3.0",
      "resolved": "https://registry.npmjs.org/object.pick/-/object.pick-1.3.0.tgz",
      "integrity": "sha1-h6EKxMFpS9Lhy/U1kaZhQftd10c=",
      "requires": {
        "isobject": "^3.0.1"
      }
    },
    "pbf": {
      "version": "3.2.1",
      "resolved": "https://registry.npmjs.org/pbf/-/pbf-3.2.1.tgz",
      "integrity": "sha512-ClrV7pNOn7rtmoQVF4TS1vyU0WhYRnP92fzbfF75jAIwpnzdJXf8iTd4CMEqO4yUenH6NDqLiwjqlh6QgZzgLQ==",
      "requires": {
        "ieee754": "^1.1.12",
        "resolve-protobuf-schema": "^2.1.0"
      }
    },
    "potpack": {
      "version": "1.0.1",
      "resolved": "https://registry.npmjs.org/potpack/-/potpack-1.0.1.tgz",
      "integrity": "sha512-15vItUAbViaYrmaB/Pbw7z6qX2xENbFSTA7Ii4tgbPtasxm5v6ryKhKtL91tpWovDJzTiZqdwzhcFBCwiMVdVw=="
    },
    "process-nextick-args": {
      "version": "2.0.1",
      "resolved": "https://registry.npmjs.org/process-nextick-args/-/process-nextick-args-2.0.1.tgz",
      "integrity": "sha512-3ouUOpQhtgrbOa17J7+uxOTpITYWaGP7/AhoR3+A+/1e9skrzelGi/dXzEYyvbxubEF6Wn2ypscTKiKJFFn1ag=="
    },
    "protocol-buffers-schema": {
      "version": "3.3.2",
      "resolved": "https://registry.npmjs.org/protocol-buffers-schema/-/protocol-buffers-schema-3.3.2.tgz",
      "integrity": "sha512-Xdayp8sB/mU+sUV4G7ws8xtYMGdQnxbeIfLjyO9TZZRJdztBGhlmbI5x1qcY4TG5hBkIKGnc28i7nXxaugu88w=="
    },
    "quickselect": {
      "version": "2.0.0",
      "resolved": "https://registry.npmjs.org/quickselect/-/quickselect-2.0.0.tgz",
      "integrity": "sha512-RKJ22hX8mHe3Y6wH/N3wCM6BWtjaxIyyUIkpHOvfFnxdI4yD4tBXEBKSbriGujF6jnSVkJrffuo6vxACiSSxIw=="
    },
    "readable-stream": {
      "version": "2.3.6",
      "resolved": "https://registry.npmjs.org/readable-stream/-/readable-stream-2.3.6.tgz",
      "integrity": "sha512-tQtKA9WIAhBF3+VLAseyMqZeBjW0AHJoxOtYqSUZNJxauErmLbVm2FW1y+J/YA9dUrAC39ITejlZWhVIwawkKw==",
      "requires": {
        "core-util-is": "~1.0.0",
        "inherits": "~2.0.3",
        "isarray": "~1.0.0",
        "process-nextick-args": "~2.0.0",
        "safe-buffer": "~5.1.1",
        "string_decoder": "~1.1.1",
        "util-deprecate": "~1.0.1"
      }
    },
    "redeyed": {
      "version": "0.4.4",
      "resolved": "https://registry.npmjs.org/redeyed/-/redeyed-0.4.4.tgz",
      "integrity": "sha1-N+mQpvKyGyoRwuakj9QTVpjLqX8=",
      "requires": {
        "esprima": "~1.0.4"
      }
    },
    "resolve-protobuf-schema": {
      "version": "2.1.0",
      "resolved": "https://registry.npmjs.org/resolve-protobuf-schema/-/resolve-protobuf-schema-2.1.0.tgz",
      "integrity": "sha512-kI5ffTiZWmJaS/huM8wZfEMer1eRd7oJQhDuxeCLe3t7N7mX3z94CN0xPxBQxFYQTSNz9T0i+v6inKqSdK8xrQ==",
      "requires": {
        "protocol-buffers-schema": "^3.3.1"
      }
    },
    "rw": {
      "version": "1.3.3",
      "resolved": "https://registry.npmjs.org/rw/-/rw-1.3.3.tgz",
      "integrity": "sha1-P4Yt+pGrdmsUiF700BEkv9oHT7Q="
    },
    "safe-buffer": {
      "version": "5.1.2",
      "resolved": "https://registry.npmjs.org/safe-buffer/-/safe-buffer-5.1.2.tgz",
      "integrity": "sha512-Gd2UZBJDkXlY7GbJxfsE8/nvKkUEU1G38c1siN6QP6a9PT9MmHB8GnpscSmMJSoF8LOIrt8ud/wPtojys4G6+g=="
    },
    "semver": {
      "version": "6.3.0",
      "resolved": "https://registry.npmjs.org/semver/-/semver-6.3.0.tgz",
      "integrity": "sha512-b39TBaTSfV6yBrapU89p5fKekE2m/NwnDocOVruQFS1/veMgdzuPcnOM34M6CwxW8jH/lxEa5rBoDeUwu5HHTw=="
    },
    "sharkdown": {
      "version": "0.1.1",
      "resolved": "https://registry.npmjs.org/sharkdown/-/sharkdown-0.1.1.tgz",
      "integrity": "sha512-exwooSpmo5s45lrexgz6Q0rFQM574wYIX3iDZ7RLLqOb7IAoQZu9nxlZODU972g19sR69OIpKP2cpHTzU+PHIg==",
      "requires": {
        "cardinal": "~0.4.2",
        "minimist": "0.0.5",
        "split": "~0.2.10"
      },
      "dependencies": {
        "minimist": {
          "version": "0.0.5",
          "resolved": "https://registry.npmjs.org/minimist/-/minimist-0.0.5.tgz",
          "integrity": "sha1-16oye87PUY+RBqxrjwA/o7zqhWY="
        }
      }
    },
    "split": {
      "version": "0.2.10",
      "resolved": "https://registry.npmjs.org/split/-/split-0.2.10.tgz",
      "integrity": "sha1-Zwl8YB1pfOE2j0GPBs0gHPBSGlc=",
      "requires": {
        "through": "2"
      }
    },
    "string_decoder": {
      "version": "1.1.1",
      "resolved": "https://registry.npmjs.org/string_decoder/-/string_decoder-1.1.1.tgz",
      "integrity": "sha512-n/ShnvDi6FHbbVfviro+WojiFzv+s8MPMHBczVePfUpDJLwoLT0ht1l4YwBCbi8pJAveEEdnkHyPyTP/mzRfwg==",
      "requires": {
        "safe-buffer": "~5.1.0"
      }
    },
    "supercluster": {
      "version": "6.0.2",
      "resolved": "https://registry.npmjs.org/supercluster/-/supercluster-6.0.2.tgz",
      "integrity": "sha512-aa0v2HURjBTOpbcknilcfxGDuArM8khklKSmZ/T8ZXL0BuRwb5aRw95lz+2bmWpFvCXDX/+FzqHxmg0TIaJErw==",
      "requires": {
        "kdbush": "^3.0.0"
      }
    },
    "through": {
      "version": "2.3.8",
      "resolved": "https://registry.npmjs.org/through/-/through-2.3.8.tgz",
      "integrity": "sha1-DdTJ/6q8NXlgsbckEV1+Doai4fU="
    },
    "tinyqueue": {
      "version": "2.0.3",
      "resolved": "https://registry.npmjs.org/tinyqueue/-/tinyqueue-2.0.3.tgz",
      "integrity": "sha512-ppJZNDuKGgxzkHihX8v9v9G5f+18gzaTfrukGrq6ueg0lmH4nqVnA2IPG0AEH3jKEk2GRJCUhDoqpoiw3PHLBA=="
    },
    "typedarray": {
      "version": "0.0.6",
      "resolved": "https://registry.npmjs.org/typedarray/-/typedarray-0.0.6.tgz",
      "integrity": "sha1-hnrHTjhkGHsdPUfZlqeOxciDB3c="
    },
    "typedarray-to-buffer": {
      "version": "3.1.5",
      "resolved": "https://registry.npmjs.org/typedarray-to-buffer/-/typedarray-to-buffer-3.1.5.tgz",
      "integrity": "sha512-zdu8XMNEDepKKR+XYOXAVPtWui0ly0NtohUscw+UmaHiAWT8hrV1rr//H6V+0DvJ3OQ19S979M0laLfX8rm82Q==",
      "requires": {
        "is-typedarray": "^1.0.0"
      }
    },
    "util-deprecate": {
      "version": "1.0.2",
      "resolved": "https://registry.npmjs.org/util-deprecate/-/util-deprecate-1.0.2.tgz",
      "integrity": "sha1-RQ1Nyfpw3nMnYvvS1KKJgUGaDM8="
    },
    "vary": {
      "version": "1.1.2",
      "resolved": "https://registry.npmjs.org/vary/-/vary-1.1.2.tgz",
      "integrity": "sha1-IpnwLG3tMNSllhsLn3RSShj2NPw="
    },
    "vcap_services": {
      "version": "0.3.4",
      "resolved": "https://registry.npmjs.org/vcap_services/-/vcap_services-0.3.4.tgz",
      "integrity": "sha1-FUv5QEAlEqzKI98iY/xg72aEWto="
    },
    "vt-pbf": {
      "version": "3.1.1",
      "resolved": "https://registry.npmjs.org/vt-pbf/-/vt-pbf-3.1.1.tgz",
      "integrity": "sha512-pHjWdrIoxurpmTcbfBWXaPwSmtPAHS105253P1qyEfSTV2HJddqjM+kIHquaT/L6lVJIk9ltTGc0IxR/G47hYA==",
      "requires": {
        "@mapbox/point-geometry": "0.1.0",
        "@mapbox/vector-tile": "^1.3.1",
        "pbf": "^3.0.5"
      }
    },
    "websocket": {
      "version": "1.0.30",
      "resolved": "https://registry.npmjs.org/websocket/-/websocket-1.0.30.tgz",
      "integrity": "sha512-aO6klgaTdSMkhfl5VVJzD5fm+Srhh5jLYbS15+OiI1sN6h/RU/XW6WN9J1uVIpUKNmsTvT3Hs35XAFjn9NMfOw==",
      "requires": {
        "debug": "^2.2.0",
        "nan": "^2.14.0",
        "typedarray-to-buffer": "^3.1.5",
        "yaeti": "^0.0.6"
      },
      "dependencies": {
        "debug": {
          "version": "2.6.9",
          "resolved": "https://registry.npmjs.org/debug/-/debug-2.6.9.tgz",
          "integrity": "sha512-bC7ElrdJaJnPbAP+1EotYvqZsb3ecl5wi6Bfi6BJTUcNowp6cvspg0jXznRTKDjm/E7AdgFBVeAPVMNcKGsHMA==",
          "requires": {
            "ms": "2.0.0"
          }
        }
      }
    },
    "wgs84": {
      "version": "0.0.0",
      "resolved": "https://registry.npmjs.org/wgs84/-/wgs84-0.0.0.tgz",
      "integrity": "sha1-NP3FVZF7blfPKigu0ENxDASc3HY="
    },
    "yaeti": {
      "version": "0.0.6",
      "resolved": "https://registry.npmjs.org/yaeti/-/yaeti-0.0.6.tgz",
      "integrity": "sha1-8m9ITXJoTPQr7ft2lwqhYI+/lXc="
    }
  }
}
